# THIS IS AN AUTOGENERATED FILE. DO NOT EDIT THIS FILE DIRECTLY.
# yarn lockfile v1


"@types/graphql@^14.5.0":
  version "14.5.0"
  resolved "https://registry.npmjs.org/@types/graphql/-/graphql-14.5.0.tgz"
  dependencies:
    graphql "*"

"@types/prop-types@*":
  version "15.7.3"
  resolved "https://registry.npmjs.org/@types/prop-types/-/prop-types-15.7.3.tgz"

"@types/react@^17.0.0":
  version "17.0.0"
  resolved "https://registry.npmjs.org/@types/react/-/react-17.0.0.tgz"
  dependencies:
    "@types/prop-types" "*"
    csstype "^3.0.2"

axios@^0.21.0:
  version "0.21.0"
  resolved "https://registry.npmjs.org/axios/-/axios-0.21.0.tgz"
  dependencies:
    follow-redirects "^1.10.0"

csstype@^3.0.2:
  version "3.0.5"
  resolved "https://registry.npmjs.org/csstype/-/csstype-3.0.5.tgz"

follow-redirects@^1.10.0:
  version "1.14.8"
  resolved "https://registry.yarnpkg.com/follow-redirects/-/follow-redirects-1.14.8.tgz#016996fb9a11a100566398b1c6839337d7bfa8fc"

graphql-query-compress@^1.2.4:
  version "1.2.4"
  resolved "https://registry.npmjs.org/graphql-query-compress/-/graphql-query-compress-1.2.4.tgz"
  dependencies:
    tokenizr "1.5.7"

graphql@*, graphql@^15.4.0:
  version "15.4.0"
  resolved "https://registry.npmjs.org/graphql/-/graphql-15.4.0.tgz"

"js-tokens@^3.0.0 || ^4.0.0":
  version "4.0.0"
  resolved "https://registry.npmjs.org/js-tokens/-/js-tokens-4.0.0.tgz"

loose-envify@^1.1.0:
  version "1.4.0"
  resolved "https://registry.npmjs.org/loose-envify/-/loose-envify-1.4.0.tgz"
  dependencies:
    js-tokens "^3.0.0 || ^4.0.0"

object-assign@^4.1.1:
  version "4.1.1"
  resolved "https://registry.npmjs.org/object-assign/-/object-assign-4.1.1.tgz"

react@>=17.0.1:
  version "17.0.1"
  resolved "https://registry.npmjs.org/react/-/react-17.0.1.tgz"
  dependencies:
    loose-envify "^1.1.0"
    object-assign "^4.1.1"

tokenizr@1.5.7:
  version "1.5.7"
  resolved "https://registry.npmjs.org/tokenizr/-/tokenizr-1.5.7.tgz"

typescript@^4.1.2:
  version "4.1.2"
  resolved "https://registry.npmjs.org/typescript/-/typescript-4.1.2.tgz"
